{
    "hash": "b724937bfefcb8fef29cb5f1a250a68b",
    "packages": [
        {
            "name": "pdepend/pdepend",
            "version": "dev-master",
            "source": {
                "type": "git",
                "url": "https://github.com/pdepend/pdepend.git",
                "reference": "85b3d7f2d2c6105a76daea0f5a0aee7c7a140b25"
            },
            "dist": {
                "type": "zip",
                "url": "https://api.github.com/repos/pdepend/pdepend/zipball/85b3d7f2d2c6105a76daea0f5a0aee7c7a140b25",
                "reference": "85b3d7f2d2c6105a76daea0f5a0aee7c7a140b25",
                "shasum": ""
            },
            "require": {
                "php": ">=5.2.3"
            },
            "bin": [
                "src/bin/pdepend"
            ],
            "type": "library",
            "notification-url": "https://packagist.org/downloads/",
            "description": "Official version of pdepend to be handled with Composer",
            "time": "2013-01-25 15:09:33"
        },
        {
            "name": "phpmd/phpmd",
            "version": "1.4.1",
            "source": {
                "type": "git",
                "url": "git://github.com/phpmd/phpmd.git",
                "reference": "1.4.1"
            },
            "dist": {
                "type": "zip",
                "url": "https://github.com/phpmd/phpmd/archive/1.4.1.zip",
                "reference": "1.4.1",
                "shasum": ""
            },
            "require": {
                "pdepend/pdepend": "*",
                "php": ">=5.3.0"
            },
            "bin": [
                "src/bin/phpmd"
            ],
            "type": "library",
            "notification-url": "https://packagist.org/downloads/",
            "include-path": [
                "../../pdepend/pdepend/src/main/php",
                "src/main/php"
            ],
            "description": "Official version of PHPMD handled with Composer.",
            "time": "2012-12-14 12:25:09"
        },
        {
            "name": "phpunit/dbunit",
            "version": "1.2.x-dev",
            "source": {
                "type": "git",
                "url": "https://github.com/sebastianbergmann/dbunit.git",
                "reference": "1.2.3"
            },
            "dist": {
                "type": "zip",
                "url": "https://api.github.com/repos/sebastianbergmann/dbunit/zipball/1.2.3",
                "reference": "1.2.3",
                "shasum": ""
            },
            "require": {
                "ext-pdo": "*",
                "ext-simplexml": "*",
                "php": ">=5.3.3",
                "phpunit/phpunit": ">=3.7.0@stable"
            },
            "bin": [
                "dbunit.php"
            ],
            "type": "library",
            "extra": {
                "branch-alias": {
                    "dev-master": "1.2.x-dev"
                }
            },
            "autoload": {
                "classmap": [
                    "PHPUnit/"
                ]
            },
            "notification-url": "https://packagist.org/downloads/",
            "include-path": [
                "",
                "../../symfony/yaml/"
            ],
            "license": [
                "BSD-3-Clause"
            ],
            "authors": [
                {
                    "name": "Sebastian Bergmann",
                    "email": "sb@sebastian-bergmann.de",
                    "role": "lead"
                }
            ],
            "description": "DbUnit port for PHP/PHPUnit to support database interaction testing.",
            "homepage": "https://github.com/sebastianbergmann/dbunit/",
            "keywords": [
                "database",
                "testing",
                "xunit"
            ],
            "time": "2013-03-01 11:50:46"
        },
        {
            "name": "phpunit/php-code-coverage",
            "version": "1.2.x-dev",
            "source": {
                "type": "git",
                "url": "https://github.com/sebastianbergmann/php-code-coverage.git",
                "reference": "1.2.9"
            },
            "dist": {
                "type": "zip",
                "url": "https://api.github.com/repos/sebastianbergmann/php-code-coverage/zipball/1.2.9",
                "reference": "1.2.9",
                "shasum": ""
            },
            "require": {
                "php": ">=5.3.3",
                "phpunit/php-file-iterator": ">=1.3.0@stable",
                "phpunit/php-text-template": ">=1.1.1@stable",
                "phpunit/php-token-stream": ">=1.1.3@stable"
            },
            "suggest": {
                "ext-dom": "*",
                "ext-xdebug": ">=2.0.5"
            },
            "type": "library",
            "autoload": {
                "classmap": [
                    "PHP/"
                ]
            },
            "notification-url": "https://packagist.org/downloads/",
            "include-path": [
                ""
            ],
            "license": [
                "BSD-3-Clause"
            ],
            "authors": [
                {
                    "name": "Sebastian Bergmann",
                    "email": "sb@sebastian-bergmann.de",
                    "role": "lead"
                }
            ],
            "description": "Library that provides collection, processing, and rendering functionality for PHP code coverage information.",
            "homepage": "https://github.com/sebastianbergmann/php-code-coverage",
            "keywords": [
                "coverage",
                "testing",
                "xunit"
            ],
            "time": "2013-02-26 18:55:56"
        },
        {
            "name": "phpunit/php-file-iterator",
            "version": "dev-master",
            "source": {
                "type": "git",
                "url": "https://github.com/sebastianbergmann/php-file-iterator.git",
                "reference": "2deb24c65ea78e126daa8d45b2089ddc29ec1d26"
            },
            "dist": {
                "type": "zip",
                "url": "https://api.github.com/repos/sebastianbergmann/php-file-iterator/zipball/2deb24c65ea78e126daa8d45b2089ddc29ec1d26",
                "reference": "2deb24c65ea78e126daa8d45b2089ddc29ec1d26",
                "shasum": ""
            },
            "require": {
                "php": ">=5.3.3"
            },
            "type": "library",
            "autoload": {
                "classmap": [
                    "File/"
                ]
            },
            "notification-url": "https://packagist.org/downloads/",
            "include-path": [
                ""
            ],
            "license": [
                "BSD-3-Clause"
            ],
            "authors": [
                {
                    "name": "Sebastian Bergmann",
                    "email": "sb@sebastian-bergmann.de",
                    "role": "lead"
                }
            ],
            "description": "FilterIterator implementation that filters files based on a list of suffixes.",
            "homepage": "https://github.com/sebastianbergmann/php-file-iterator/",
            "keywords": [
                "filesystem",
                "iterator"
            ],
            "time": "2013-01-07 10:47:05"
        },
        {
            "name": "phpunit/php-invoker",
            "version": "1.1.x-dev",
            "source": {
                "type": "git",
                "url": "https://github.com/sebastianbergmann/php-invoker.git",
                "reference": "a5b015da8d3d95912ab606dca70fcb7314b48895"
            },
            "dist": {
                "type": "zip",
                "url": "https://api.github.com/repos/sebastianbergmann/php-invoker/zipball/a5b015da8d3d95912ab606dca70fcb7314b48895",
                "reference": "a5b015da8d3d95912ab606dca70fcb7314b48895",
                "shasum": ""
            },
            "require": {
                "ext-pcntl": "*",
                "php": ">=5.2.7",
                "phpunit/php-timer": ">=1.0.1@stable"
            },
            "type": "library",
            "autoload": {
                "classmap": [
                    "PHP/"
                ]
            },
            "notification-url": "https://packagist.org/downloads/",
            "include-path": [
                ""
            ],
            "license": [
                "BSD-3-Clause"
            ],
            "authors": [
                {
                    "name": "Sebastian Bergmann",
                    "email": "sb@sebastian-bergmann.de",
                    "role": "lead"
                }
            ],
            "description": "Utility class for invoking callables with a timeout.",
            "homepage": "https://github.com/sebastianbergmann/php-invoker/",
            "keywords": [
                "process"
            ],
            "time": "2013-01-30 06:28:18"
        },
        {
            "name": "phpunit/php-text-template",
            "version": "dev-master",
            "source": {
                "type": "git",
                "url": "https://github.com/sebastianbergmann/php-text-template.git",
                "reference": "1eeef106193d2f8c539728e566bb4793071a9e18"
            },
            "dist": {
                "type": "zip",
                "url": "https://api.github.com/repos/sebastianbergmann/php-text-template/zipball/1eeef106193d2f8c539728e566bb4793071a9e18",
                "reference": "1eeef106193d2f8c539728e566bb4793071a9e18",
                "shasum": ""
            },
            "require": {
                "php": ">=5.3.3"
            },
            "type": "library",
            "autoload": {
                "classmap": [
                    "Text/"
                ]
            },
            "notification-url": "https://packagist.org/downloads/",
            "include-path": [
                ""
            ],
            "license": [
                "BSD-3-Clause"
            ],
            "authors": [
                {
                    "name": "Sebastian Bergmann",
                    "email": "sb@sebastian-bergmann.de",
                    "role": "lead"
                }
            ],
            "description": "Simple template engine.",
            "homepage": "https://github.com/sebastianbergmann/php-text-template/",
            "keywords": [
                "template"
            ],
            "time": "2013-01-07 10:56:17"
        },
        {
            "name": "phpunit/php-timer",
            "version": "1.0.x-dev",
            "source": {
                "type": "git",
                "url": "https://github.com/sebastianbergmann/php-timer.git",
                "reference": "ecf7920b27003a9412b07dad79dbb5ad1249e6c3"
            },
            "dist": {
                "type": "zip",
                "url": "https://api.github.com/repos/sebastianbergmann/php-timer/zipball/ecf7920b27003a9412b07dad79dbb5ad1249e6c3",
                "reference": "ecf7920b27003a9412b07dad79dbb5ad1249e6c3",
                "shasum": ""
            },
            "require": {
                "php": ">=5.3.3"
            },
            "type": "library",
            "autoload": {
                "classmap": [
                    "PHP/"
                ]
            },
            "notification-url": "https://packagist.org/downloads/",
            "include-path": [
                ""
            ],
            "license": [
                "BSD-3-Clause"
            ],
            "authors": [
                {
                    "name": "Sebastian Bergmann",
                    "email": "sb@sebastian-bergmann.de",
                    "role": "lead"
                }
            ],
            "description": "Utility class for timing",
            "homepage": "https://github.com/sebastianbergmann/php-timer/",
            "keywords": [
                "timer"
            ],
            "time": "2013-01-30 06:08:51"
        },
        {
            "name": "phpunit/php-token-stream",
            "version": "dev-master",
            "source": {
                "type": "git",
                "url": "https://github.com/sebastianbergmann/php-token-stream.git",
                "reference": "c25dd88e1592e66dee2553c99ef244203d5a1b98"
            },
            "dist": {
                "type": "zip",
                "url": "https://api.github.com/repos/sebastianbergmann/php-token-stream/zipball/c25dd88e1592e66dee2553c99ef244203d5a1b98",
                "reference": "c25dd88e1592e66dee2553c99ef244203d5a1b98",
                "shasum": ""
            },
            "require": {
                "ext-tokenizer": "*",
                "php": ">=5.3.3"
            },
            "type": "library",
            "autoload": {
                "classmap": [
                    "PHP/"
                ]
            },
            "notification-url": "https://packagist.org/downloads/",
            "include-path": [
                ""
            ],
            "license": [
                "BSD-3-Clause"
            ],
            "authors": [
                {
                    "name": "Sebastian Bergmann",
                    "email": "sb@sebastian-bergmann.de",
                    "role": "lead"
                }
            ],
            "description": "Wrapper around PHP's tokenizer extension.",
            "homepage": "https://github.com/sebastianbergmann/php-token-stream/",
            "keywords": [
                "tokenizer"
            ],
            "time": "2013-01-07 10:56:35"
        },
        {
            "name": "phpunit/phpunit",
            "version": "3.7.x-dev",
            "source": {
                "type": "git",
                "url": "https://github.com/sebastianbergmann/phpunit.git",
                "reference": "3.7.19"
            },
            "dist": {
                "type": "zip",
                "url": "https://api.github.com/repos/sebastianbergmann/phpunit/zipball/3.7.19",
                "reference": "3.7.19",
                "shasum": ""
            },
            "require": {
                "ext-dom": "*",
                "ext-pcre": "*",
                "ext-reflection": "*",
                "ext-spl": "*",
                "php": ">=5.3.3",
                "phpunit/php-code-coverage": ">=1.2.1,<1.3.0",
                "phpunit/php-file-iterator": ">=1.3.1",
                "phpunit/php-text-template": ">=1.1.1",
                "phpunit/php-timer": ">=1.0.2,<1.1.0",
                "phpunit/phpunit-mock-objects": ">=1.2.0,<1.3.0",
                "symfony/yaml": ">=2.0.0,<2.3.0"
            },
            "require-dev": {
                "pear-pear/pear": "1.9.4"
            },
            "suggest": {
                "ext-json": "*",
                "ext-simplexml": "*",
                "ext-tokenizer": "*",
                "phpunit/php-invoker": ">=1.1.0,<1.2.0"
            },
            "bin": [
                "composer/bin/phpunit"
            ],
            "type": "library",
            "extra": {
                "branch-alias": {
                    "dev-master": "3.7.x-dev"
                }
            },
            "autoload": {
                "classmap": [
                    "PHPUnit/"
                ]
            },
            "notification-url": "https://packagist.org/downloads/",
            "include-path": [
                "",
                "../../symfony/yaml/"
            ],
            "license": [
                "BSD-3-Clause"
            ],
            "authors": [
                {
                    "name": "Sebastian Bergmann",
                    "email": "sebastian@phpunit.de",
                    "role": "lead"
                }
            ],
            "description": "The PHP Unit Testing framework.",
            "homepage": "http://www.phpunit.de/",
            "keywords": [
                "phpunit",
                "testing",
                "xunit"
            ],
            "time": "2013-03-25 11:45:06"
        },
        {
            "name": "phpunit/phpunit-mock-objects",
            "version": "1.2.x-dev",
            "source": {
                "type": "git",
                "url": "https://github.com/sebastianbergmann/phpunit-mock-objects.git",
                "reference": "d49b5683200b5db9b1c64cb06f52f50d147891c4"
            },
            "dist": {
                "type": "zip",
                "url": "https://api.github.com/repos/sebastianbergmann/phpunit-mock-objects/zipball/d49b5683200b5db9b1c64cb06f52f50d147891c4",
                "reference": "d49b5683200b5db9b1c64cb06f52f50d147891c4",
                "shasum": ""
            },
            "require": {
                "php": ">=5.3.3",
                "phpunit/php-text-template": ">=1.1.1@stable"
            },
            "suggest": {
                "ext-soap": "*"
            },
            "type": "library",
            "autoload": {
                "classmap": [
                    "PHPUnit/"
                ]
            },
            "notification-url": "https://packagist.org/downloads/",
            "include-path": [
                ""
            ],
            "license": [
                "BSD-3-Clause"
            ],
            "authors": [
                {
                    "name": "Sebastian Bergmann",
                    "email": "sb@sebastian-bergmann.de",
                    "role": "lead"
                }
            ],
            "description": "Mock Object library for PHPUnit",
            "homepage": "https://github.com/sebastianbergmann/phpunit-mock-objects/",
            "keywords": [
                "mock",
                "xunit"
            ],
            "time": "2013-02-05 07:46:41"
        },
        {
            "name": "phpunit/phpunit-selenium",
            "version": "1.2.12",
            "source": {
                "type": "git",
                "url": "git://github.com/sebastianbergmann/phpunit-selenium.git",
                "reference": "1.2.12"
            },
            "dist": {
                "type": "zip",
                "url": "https://api.github.com/repos/sebastianbergmann/phpunit-selenium/zipball/1.2.12",
                "reference": "1.2.12",
                "shasum": ""
            },
            "require": {
                "ext-curl": "*",
                "ext-dom": "*",
                "php": ">=5.3.3",
                "phpunit/phpunit": ">=3.7.0@stable"
            },
            "type": "library",
            "autoload": {
                "classmap": [
                    "PHPUnit/"
                ]
            },
            "notification-url": "https://packagist.org/downloads/",
            "include-path": [
                ""
            ],
            "license": [
                "BSD-3-Clause"
            ],
            "authors": [
                {
                    "name": "Sebastian Bergmann",
                    "email": "sb@sebastian-bergmann.de",
                    "role": "lead"
                }
            ],
            "description": "Selenium Server integration for PHPUnit",
            "homepage": "http://www.phpunit.de/",
            "keywords": [
                "selenium",
                "testing",
                "xunit"
            ],
            "time": "2013-02-02 16:03:01"
        },
        {
            "name": "phpunit/phpunit-story",
            "version": "1.0.2",
            "source": {
                "type": "git",
                "url": "https://github.com/sebastianbergmann/phpunit-story.git",
                "reference": "1.0.2"
            },
            "dist": {
                "type": "zip",
                "url": "https://api.github.com/repos/sebastianbergmann/phpunit-story/zipball/1.0.2",
                "reference": "1.0.2",
                "shasum": ""
            },
            "require": {
                "ext-spl": "*",
                "php": ">=5.2.7",
                "phpunit/phpunit": ">=3.6.0RC1@stable"
            },
            "type": "library",
            "autoload": {
                "classmap": [
                    "PHPUnit/"
                ]
            },
            "notification-url": "https://packagist.org/downloads/",
            "include-path": [
                ""
            ],
            "license": [
                "BSD-3-Clause"
            ],
            "authors": [
                {
                    "name": "Sebastian Bergmann",
                    "email": "sb@sebastian-bergmann.de",
                    "role": "lead"
                }
            ],
            "description": "Story extension for PHPUnit to facilitate Behaviour-Driven Development.",
            "homepage": "http://www.phpunit.de/",
            "keywords": [
                "BDD",
                "TDD",
                "xunit"
            ],
            "time": "2013-04-02 16:07:28"
        },
        {
            "name": "sebastian/finder-facade",
            "version": "dev-master",
            "source": {
                "type": "git",
                "url": "https://github.com/sebastianbergmann/finder-facade.git",
                "reference": "3b8387d64a6653414b9afbf0e23f421ae010c6bf"
            },
            "dist": {
                "type": "zip",
                "url": "https://api.github.com/repos/sebastianbergmann/finder-facade/zipball/3b8387d64a6653414b9afbf0e23f421ae010c6bf",
                "reference": "3b8387d64a6653414b9afbf0e23f421ae010c6bf",
                "shasum": ""
            },
            "require": {
                "symfony/finder": ">=2.2.0",
                "theseer/fdomdocument": ">=1.3.1"
            },
            "type": "library",
            "autoload": {
                "classmap": [
                    "src/"
                ]
            },
            "notification-url": "https://packagist.org/downloads/",
            "license": [
                "BSD-3-Clause"
            ],
            "authors": [
                {
                    "name": "Sebastian Bergmann",
                    "email": "sebastian@phpunit.de",
                    "role": "lead"
                }
            ],
            "description": "FinderFacade is a convenience wrapper for Symfony's Finder component.",
            "homepage": "https://github.com/sebastianbergmann/finder-facade",
            "time": "2013-03-01 11:49:09"
        },
        {
            "name": "sebastian/phpcpd",
            "version": "dev-feature/composer-support",
            "source": {
                "type": "git",
                "url": "https://github.com/Ocramius/phpcpd.git",
                "reference": "4c5be10da4e29312048737ca1ed6c2d81fb6faf2"
            },
            "dist": {
                "type": "zip",
                "url": "https://api.github.com/repos/Ocramius/phpcpd/zipball/4c5be10da4e29312048737ca1ed6c2d81fb6faf2",
                "reference": "4c5be10da4e29312048737ca1ed6c2d81fb6faf2",
                "shasum": ""
            },
            "require": {
                "php": ">=5.3.3",
                "phpunit/php-timer": ">=1.0.4",
                "sebastian/finder-facade": "dev-master",
                "symfony/finder": ">=2.1.2",
                "theseer/fdomdocument": "dev-master",
                "zetacomponents/base": ">=1.8",
                "zetacomponents/console-tools": ">=1.6"
            },
            "bin": [
                "composer/bin/phpcpd"
            ],
            "type": "library",
            "autoload": {
                "classmap": [
                    "src/"
                ]
            },
            "license": [
                "BSD-3-Clause"
            ],
            "authors": [
                {
                    "name": "Sebastian Bergmann",
                    "email": "sebastian@phpunit.de",
                    "role": "lead"
                }
            ],
            "description": "Copy/Paste Detector (CPD) for PHP code.",
            "homepage": "https://github.com/sebastianbergmann/phpcpd",
            "support": {
                "issues": "https://github.com/sebastianbergmann/phpcpd/issues",
                "source": "https://github.com/Ocramius/phpcpd/tree/feature/composer-support"
            },
            "time": "2013-03-18 19:26:50"
        },
        {
            "name": "squizlabs/php_codesniffer",
            "version": "1.5.0RC1",
            "source": {
                "type": "git",
                "url": "https://github.com/squizlabs/PHP_CodeSniffer",
                "reference": "1.5.0RC1"
            },
            "dist": {
                "type": "zip",
                "url": "https://api.github.com/repos/squizlabs/PHP_CodeSniffer/zipball/1.5.0RC1",
                "reference": "1.5.0RC1",
                "shasum": ""
            },
            "require": {
                "php": ">=5.1.2"
            },
            "bin": [
                "scripts/phpcs"
            ],
            "type": "library",
            "autoload": {
                "classmap": [
                    "CodeSniffer.php",
                    "CodeSniffer/CLI.php",
                    "CodeSniffer/Exception.php",
                    "CodeSniffer/File.php",
                    "CodeSniffer/MultiFileSniff.php",
                    "CodeSniffer/Report.php",
                    "CodeSniffer/Reporting.php",
                    "CodeSniffer/Sniff.php",
                    "CodeSniffer/Tokens.php",
                    "CodeSniffer/Reports/",
                    "CodeSniffer/CommentParser/",
                    "CodeSniffer/Tokenizers/",
                    "CodeSniffer/DocGenerators/",
                    "CodeSniffer/Standards/AbstractPatternSniff.php",
                    "CodeSniffer/Standards/AbstractScopeSniff.php",
                    "CodeSniffer/Standards/AbstractVariableSniff.php",
                    "CodeSniffer/Standards/IncorrectPatternException.php",
                    "CodeSniffer/Standards/Generic/Sniffs/",
                    "CodeSniffer/Standards/MySource/Sniffs/",
                    "CodeSniffer/Standards/PEAR/Sniffs/",
                    "CodeSniffer/Standards/PSR1/Sniffs/",
                    "CodeSniffer/Standards/PSR2/Sniffs/",
                    "CodeSniffer/Standards/Squiz/Sniffs/",
                    "CodeSniffer/Standards/Zend/Sniffs/"
                ]
            },
            "notification-url": "https://packagist.org/downloads/",
            "license": [
                "BSD-3-Clause"
            ],
            "authors": [
                {
                    "name": "Greg Sherwood",
                    "role": "lead"
                }
            ],
            "description": "PHP_CodeSniffer tokenises PHP, JavaScript and CSS files and detects violations of a defined set of coding standards.",
            "homepage": "http://www.squizlabs.com/php-codesniffer",
            "keywords": [
                "phpcs",
                "standards"
            ],
            "time": "2013-02-08 03:15:17"
        },
        {
            "name": "symfony/finder",
            "version": "dev-master",
            "target-dir": "Symfony/Component/Finder",
            "source": {
                "type": "git",
                "url": "https://github.com/symfony/Finder.git",
                "reference": "af17e4675a38c26c04772c42864f9d0659e3d6de"
            },
            "dist": {
                "type": "zip",
                "url": "https://api.github.com/repos/symfony/Finder/zipball/af17e4675a38c26c04772c42864f9d0659e3d6de",
                "reference": "af17e4675a38c26c04772c42864f9d0659e3d6de",
                "shasum": ""
            },
            "require": {
                "php": ">=5.3.3"
            },
            "type": "library",
            "extra": {
                "branch-alias": {
                    "dev-master": "2.3-dev"
                }
            },
            "autoload": {
                "psr-0": {
                    "Symfony\\Component\\Finder\\": ""
                }
            },
            "notification-url": "https://packagist.org/downloads/",
            "license": [
                "MIT"
            ],
            "authors": [
                {
                    "name": "Fabien Potencier",
                    "email": "fabien@symfony.com"
                },
                {
                    "name": "Symfony Community",
                    "homepage": "http://symfony.com/contributors"
                }
            ],
            "description": "Symfony Finder Component",
            "homepage": "http://symfony.com",
            "time": "2013-04-01 08:07:30"
        },
        {
            "name": "symfony/yaml",
            "version": "2.2.x-dev",
            "target-dir": "Symfony/Component/Yaml",
            "source": {
                "type": "git",
                "url": "https://github.com/symfony/Yaml.git",
                "reference": "3f6d4ab3fd8226ab4ba0be9fc8a238f4338b79ab"
            },
            "dist": {
                "type": "zip",
                "url": "https://api.github.com/repos/symfony/Yaml/zipball/3f6d4ab3fd8226ab4ba0be9fc8a238f4338b79ab",
                "reference": "3f6d4ab3fd8226ab4ba0be9fc8a238f4338b79ab",
                "shasum": ""
            },
            "require": {
                "php": ">=5.3.3"
            },
            "type": "library",
            "extra": {
                "branch-alias": {
                    "dev-master": "2.2-dev"
                }
            },
            "autoload": {
                "psr-0": {
                    "Symfony\\Component\\Yaml\\": ""
                }
            },
            "notification-url": "https://packagist.org/downloads/",
            "license": [
                "MIT"
            ],
            "authors": [
                {
                    "name": "Fabien Potencier",
                    "email": "fabien@symfony.com"
                },
                {
                    "name": "Symfony Community",
                    "homepage": "http://symfony.com/contributors"
                }
            ],
            "description": "Symfony Yaml Component",
            "homepage": "http://symfony.com",
            "time": "2013-03-23 07:49:54"
        },
        {
            "name": "theseer/fdomdocument",
            "version": "dev-master",
            "source": {
                "type": "git",
                "url": "https://github.com/theseer/fDOMDocument.git",
                "reference": "a7882cf2121f30c57e9fc8ded2cf0a58001e96cc"
            },
            "dist": {
                "type": "zip",
                "url": "https://api.github.com/repos/theseer/fDOMDocument/zipball/a7882cf2121f30c57e9fc8ded2cf0a58001e96cc",
                "reference": "a7882cf2121f30c57e9fc8ded2cf0a58001e96cc",
                "shasum": ""
            },
            "require": {
                "ext-dom": "*",
                "lib-libxml": "*",
                "php": ">=5.3.3"
            },
            "type": "library",
            "autoload": {
                "classmap": [
                    "src/"
                ]
            },
            "notification-url": "https://packagist.org/downloads/",
            "license": [
                "BSD-3-Clause"
            ],
            "authors": [
                {
                    "name": "Arne Blankerts",
                    "email": "arne@blankerts.de",
                    "role": "lead"
                }
            ],
            "description": "The classes contained within this repository extend the standard DOM to use exceptions at all occasions of errors instead of PHP warnings or notices. They also add various custom methods and shortcuts for convinience and to simplify the usage of DOM.",
            "homepage": "https://github.com/theseer/fDOMDocument",
            "time": "2012-12-01 00:12:40"
        },
        {
            "name": "zetacomponents/base",
            "version": "dev-master",
            "source": {
                "type": "git",
                "url": "https://github.com/zetacomponents/Base.git",
                "reference": "642f63a8a72c32996f1aaf8a317fdf746bc32ce7"
            },
            "dist": {
                "type": "zip",
                "url": "https://api.github.com/repos/zetacomponents/Base/zipball/642f63a8a72c32996f1aaf8a317fdf746bc32ce7",
                "reference": "642f63a8a72c32996f1aaf8a317fdf746bc32ce7",
                "shasum": ""
            },
            "require-dev": {
                "zetacomponents/unit-test": "*"
            },
            "type": "library",
            "autoload": {
                "classmap": [
                    "src"
                ]
            },
            "notification-url": "https://packagist.org/downloads/",
            "license": [
                "Apache-2.0"
            ],
            "authors": [
                {
                    "name": "Sergey Alexeev"
                },
                {
                    "name": "Sebastian Bergmann"
                },
                {
                    "name": "Jan Borsodi"
                },
                {
                    "name": "Raymond Bosman"
                },
                {
                    "name": "Frederik Holljen"
                },
                {
                    "name": "Kore Nordmann"
                },
                {
                    "name": "Derick Rethans"
                },
                {
                    "name": "Vadym Savchuk"
                },
                {
                    "name": "Tobias Schlitt"
                },
                {
                    "name": "Alexandru Stanoi"
                }
            ],
            "description": "The Base package provides the basic infrastructure that all packages rely on. Therefore every component relies on this package.",
            "homepage": "https://github.com/zetacomponents",
            "time": "2012-05-21 11:21:36"
        },
        {
            "name": "zetacomponents/console-tools",
            "version": "dev-master",
            "source": {
                "type": "git",
                "url": "https://github.com/zetacomponents/ConsoleTools.git",
                "reference": "90156abef01e4215fda8b9740f77c322f126fb02"
            },
            "dist": {
                "type": "zip",
                "url": "https://api.github.com/repos/zetacomponents/ConsoleTools/zipball/90156abef01e4215fda8b9740f77c322f126fb02",
                "reference": "90156abef01e4215fda8b9740f77c322f126fb02",
                "shasum": ""
            },
            "require": {
                "zetacomponents/base": "*"
            },
            "require-dev": {
                "zetacomponents/unit-test": "*"
            },
            "type": "library",
            "autoload": {
                "classmap": [
                    "src"
                ]
            },
            "notification-url": "https://packagist.org/downloads/",
            "license": [
                "Apache-2.0"
            ],
            "authors": [
                {
                    "name": "Sergey Alexeev"
                },
                {
                    "name": "Sebastian Bergmann"
                },
                {
                    "name": "Jan Borsodi"
                },
                {
                    "name": "Raymond Bosman"
                },
                {
                    "name": "Frederik Holljen"
                },
                {
                    "name": "Kore Nordmann"
                },
                {
                    "name": "Derick Rethans"
                },
                {
                    "name": "Vadym Savchuk"
                },
                {
                    "name": "Tobias Schlitt"
                },
                {
                    "name": "Alexandru Stanoi"
                }
            ],
            "description": "A set of classes to do different actions with the console (also called shell). It can render a progress bar, tables and a status bar and contains a class for parsing command line options.",
            "homepage": "https://github.com/zetacomponents",
            "time": "2012-05-21 09:55:34"
        }
    ],
    "packages-dev": [

    ],
    "aliases": [

    ],
    "minimum-stability": "dev",
    "stability-flags": {
        "sebastian/phpcpd": 20
    },
    "platform": [

    ],
    "platform-dev": [

    ]
}
